{
  "pins" : [
    {
      "identity" : "csqlite",
      "kind" : "remoteSourceControl",
      "location" : "https://github.com/scade-platform/CSQLite.git",
      "state" : {
        "branch" : "master",
        "revision" : "a30b194051ca5129956de23bb221892e5e98ba21"
      }
    },
    {
      "identity" : "sqlite.swift",
      "kind" : "remoteSourceControl",
      "location" : "git@github.com:scade-platform/SQLite.swift.git",
      "state" : {
        "branch" : "master",
        "revision" : "6374e199cc703eb8e4f58a48fb656ea1d44da9e1"
      }
    }
  ],
  "version" : 2
}
